
Microsoft Visual Studio Solution File, Format Version 12.00
# Visual Studio Version 17
VisualStudioVersion = 17.7.34221.43
MinimumVisualStudioVersion = 10.0.40219.1
Project("{9A19103F-16F7-4668-BE54-9A1E7A4F7556}") = "RestaurantReservation.Server", "RestaurantReservation\Server\RestaurantReservation.Server.csproj", "{64C05773-289B-4FEC-A8BB-8F443C95F749}"
EndProject
Project("{9A19103F-16F7-4668-BE54-9A1E7A4F7556}") = "RestaurantReservation.Client", "RestaurantReservation\Client\RestaurantReservation.Client.csproj", "{721A0989-95F4-4090-A0B9-84D7623C0830}"
EndProject
Project("{9A19103F-16F7-4668-BE54-9A1E7A4F7556}") = "RestaurantReservation.Shared", "RestaurantReservation\Shared\RestaurantReservation.Shared.csproj", "{81C5AEA0-BEF7-42E1-9AA1-41A9A428D132}"
EndProject
Global
	GlobalSection(SolutionConfigurationPlatforms) = preSolution
		Debug|Any CPU = Debug|Any CPU
		Release|Any CPU = Release|Any CPU
	EndGlobalSection
	GlobalSection(ProjectConfigurationPlatforms) = postSolution
		{64C05773-289B-4FEC-A8BB-8F443C95F749}.Debug|Any CPU.ActiveCfg = Debug|Any CPU
		{64C05773-289B-4FEC-A8BB-8F443C95F749}.Debug|Any CPU.Build.0 = Debug|Any CPU
		{64C05773-289B-4FEC-A8BB-8F443C95F749}.Release|Any CPU.ActiveCfg = Release|Any CPU
		{64C05773-289B-4FEC-A8BB-8F443C95F749}.Release|Any CPU.Build.0 = Release|Any CPU
		{721A0989-95F4-4090-A0B9-84D7623C0830}.Debug|Any CPU.ActiveCfg = Debug|Any CPU
		{721A0989-95F4-4090-A0B9-84D7623C0830}.Debug|Any CPU.Build.0 = Debug|Any CPU
		{721A0989-95F4-4090-A0B9-84D7623C0830}.Release|Any CPU.ActiveCfg = Release|Any CPU
		{721A0989-95F4-4090-A0B9-84D7623C0830}.Release|Any CPU.Build.0 = Release|Any CPU
		{81C5AEA0-BEF7-42E1-9AA1-41A9A428D132}.Debug|Any CPU.ActiveCfg = Debug|Any CPU
		{81C5AEA0-BEF7-42E1-9AA1-41A9A428D132}.Debug|Any CPU.Build.0 = Debug|Any CPU
		{81C5AEA0-BEF7-42E1-9AA1-41A9A428D132}.Release|Any CPU.ActiveCfg = Release|Any CPU
		{81C5AEA0-BEF7-42E1-9AA1-41A9A428D132}.Release|Any CPU.Build.0 = Release|Any CPU
	EndGlobalSection
	GlobalSection(SolutionProperties) = preSolution
		HideSolutionNode = FALSE
	EndGlobalSection
	GlobalSection(ExtensibilityGlobals) = postSolution
		SolutionGuid = {A2B7F563-0FD6-4B9B-9AC9-F31D0EC2F37A}
	EndGlobalSection
EndGlobal
